
Microsoft Visual Studio Solution File, Format Version 12.00
# Visual Studio Version 16
VisualStudioVersion = 16.0.29424.173
MinimumVisualStudioVersion = 10.0.40219.1
Project("{FAE04EC0-301F-11D3-BF4B-00C04F79EFBC}") = "AMZEnterpriseOrderingSystem", "AMZEnterpriseOrderingSystem\AMZEnterpriseOrderingSystem.csproj", "{90FE4415-C31E-4D8A-8260-32382F42BE39}"
EndProject
Global
	GlobalSection(SolutionConfigurationPlatforms) = preSolution
		Debug|Any CPU = Debug|Any CPU
		Release|Any CPU = Release|Any CPU
	EndGlobalSection
	GlobalSection(ProjectConfigurationPlatforms) = postSolution
		{90FE4415-C31E-4D8A-8260-32382F42BE39}.Debug|Any CPU.ActiveCfg = Debug|Any CPU
		{90FE4415-C31E-4D8A-8260-32382F42BE39}.Debug|Any CPU.Build.0 = Debug|Any CPU
		{90FE4415-C31E-4D8A-8260-32382F42BE39}.Release|Any CPU.ActiveCfg = Release|Any CPU
		{90FE4415-C31E-4D8A-8260-32382F42BE39}.Release|Any CPU.Build.0 = Release|Any CPU
	EndGlobalSection
	GlobalSection(SolutionProperties) = preSolution
		HideSolutionNode = FALSE
	EndGlobalSection
	GlobalSection(ExtensibilityGlobals) = postSolution
		SolutionGuid = {47DFF8B6-666A-48B8-AFBC-CE26E44139AE}
	EndGlobalSection
EndGlobal
